
Microsoft Visual Studio Solution File, Format Version 12.00
# Visual Studio Version 16
VisualStudioVersion = 16.0.28803.202
MinimumVisualStudioVersion = 10.0.40219.1
Project("{FAE04EC0-301F-11D3-BF4B-00C04F79EFBC}") = "Ratchet", "Ratchet\Ratchet.csproj", "{1C38C096-1E25-44B1-873A-99560B5BC56C}"
EndProject
Project("{FAE04EC0-301F-11D3-BF4B-00C04F79EFBC}") = "Ratchet.Tests", "Ratchet.Tests\Ratchet.Tests.csproj", "{52F77FA7-8558-4223-A15F-E970FC31AE4A}"
EndProject
Global
	GlobalSection(SolutionConfigurationPlatforms) = preSolution
		Debug|Any CPU = Debug|Any CPU
		Release|Any CPU = Release|Any CPU
	EndGlobalSection
	GlobalSection(ProjectConfigurationPlatforms) = postSolution
		{1C38C096-1E25-44B1-873A-99560B5BC56C}.Debug|Any CPU.ActiveCfg = Debug|Any CPU
		{1C38C096-1E25-44B1-873A-99560B5BC56C}.Debug|Any CPU.Build.0 = Debug|Any CPU
		{1C38C096-1E25-44B1-873A-99560B5BC56C}.Release|Any CPU.ActiveCfg = Release|Any CPU
		{1C38C096-1E25-44B1-873A-99560B5BC56C}.Release|Any CPU.Build.0 = Release|Any CPU
		{52F77FA7-8558-4223-A15F-E970FC31AE4A}.Debug|Any CPU.ActiveCfg = Debug|Any CPU
		{52F77FA7-8558-4223-A15F-E970FC31AE4A}.Debug|Any CPU.Build.0 = Debug|Any CPU
		{52F77FA7-8558-4223-A15F-E970FC31AE4A}.Release|Any CPU.ActiveCfg = Release|Any CPU
		{52F77FA7-8558-4223-A15F-E970FC31AE4A}.Release|Any CPU.Build.0 = Release|Any CPU
	EndGlobalSection
	GlobalSection(SolutionProperties) = preSolution
		HideSolutionNode = FALSE
	EndGlobalSection
	GlobalSection(ExtensibilityGlobals) = postSolution
		SolutionGuid = {12452465-BB07-49CE-A852-E4583FCCC5AF}
	EndGlobalSection
EndGlobal
